
Microsoft Visual Studio Solution File, Format Version 12.00
# Visual Studio 15
VisualStudioVersion = 15.0.27130.2036
MinimumVisualStudioVersion = 10.0.40219.1
Project("{FAE04EC0-301F-11D3-BF4B-00C04F79EFBC}") = "BCryptor", "BCryptor\BCryptor.csproj", "{2B640F02-FFE3-4E74-B19C-753A57C42325}"
EndProject
Global
	GlobalSection(SolutionConfigurationPlatforms) = preSolution
		Debug|Any CPU = Debug|Any CPU
		Release|Any CPU = Release|Any CPU
	EndGlobalSection
	GlobalSection(ProjectConfigurationPlatforms) = postSolution
		{2B640F02-FFE3-4E74-B19C-753A57C42325}.Debug|Any CPU.ActiveCfg = Debug|Any CPU
		{2B640F02-FFE3-4E74-B19C-753A57C42325}.Debug|Any CPU.Build.0 = Debug|Any CPU
		{2B640F02-FFE3-4E74-B19C-753A57C42325}.Release|Any CPU.ActiveCfg = Release|Any CPU
		{2B640F02-FFE3-4E74-B19C-753A57C42325}.Release|Any CPU.Build.0 = Release|Any CPU
	EndGlobalSection
	GlobalSection(SolutionProperties) = preSolution
		HideSolutionNode = FALSE
	EndGlobalSection
	GlobalSection(ExtensibilityGlobals) = postSolution
		SolutionGuid = {95A0C94C-29EF-4668-B3DE-1112C0058C45}
	EndGlobalSection
EndGlobal
