
Microsoft Visual Studio Solution File, Format Version 12.00
# Visual Studio 15
VisualStudioVersion = 15.0.28307.136
MinimumVisualStudioVersion = 10.0.40219.1
Project("{FAE04EC0-301F-11D3-BF4B-00C04F79EFBC}") = "atrasosCML", "atrasosCML\atrasosCML.csproj", "{50DED972-1140-4289-820F-9D76B10FC543}"
EndProject
Global
	GlobalSection(SolutionConfigurationPlatforms) = preSolution
		Debug|Any CPU = Debug|Any CPU
		Release|Any CPU = Release|Any CPU
	EndGlobalSection
	GlobalSection(ProjectConfigurationPlatforms) = postSolution
		{50DED972-1140-4289-820F-9D76B10FC543}.Debug|Any CPU.ActiveCfg = Debug|Any CPU
		{50DED972-1140-4289-820F-9D76B10FC543}.Debug|Any CPU.Build.0 = Debug|Any CPU
		{50DED972-1140-4289-820F-9D76B10FC543}.Release|Any CPU.ActiveCfg = Release|Any CPU
		{50DED972-1140-4289-820F-9D76B10FC543}.Release|Any CPU.Build.0 = Release|Any CPU
	EndGlobalSection
	GlobalSection(SolutionProperties) = preSolution
		HideSolutionNode = FALSE
	EndGlobalSection
	GlobalSection(ExtensibilityGlobals) = postSolution
		SolutionGuid = {D59DEE85-93EB-462F-876E-7ECF19E041FC}
	EndGlobalSection
EndGlobal
