
Microsoft Visual Studio Solution File, Format Version 12.00
# Visual Studio Version 16
VisualStudioVersion = 16.0.29905.134
MinimumVisualStudioVersion = 10.0.40219.1
Project("{FAE04EC0-301F-11D3-BF4B-00C04F79EFBC}") = "Covid_19_pt", "Covid_19_pt\Covid_19_pt.csproj", "{544E9D81-6DCF-429B-85CF-1FE99766C782}"
EndProject
Global
	GlobalSection(SolutionConfigurationPlatforms) = preSolution
		Debug|Any CPU = Debug|Any CPU
		Release|Any CPU = Release|Any CPU
	EndGlobalSection
	GlobalSection(ProjectConfigurationPlatforms) = postSolution
		{544E9D81-6DCF-429B-85CF-1FE99766C782}.Debug|Any CPU.ActiveCfg = Debug|Any CPU
		{544E9D81-6DCF-429B-85CF-1FE99766C782}.Debug|Any CPU.Build.0 = Debug|Any CPU
		{544E9D81-6DCF-429B-85CF-1FE99766C782}.Release|Any CPU.ActiveCfg = Release|Any CPU
		{544E9D81-6DCF-429B-85CF-1FE99766C782}.Release|Any CPU.Build.0 = Release|Any CPU
	EndGlobalSection
	GlobalSection(SolutionProperties) = preSolution
		HideSolutionNode = FALSE
	EndGlobalSection
	GlobalSection(ExtensibilityGlobals) = postSolution
		SolutionGuid = {8D92A712-2B3D-4D06-957E-70AF1DFF0AA8}
	EndGlobalSection
EndGlobal
